dependencies:
  espressif/button:
    component_hash: 30a3f495c3862d505ce6e41adbbd218b2750e9723ab2151feff00e9fe685b326
    dependencies:
    - name: espressif/cmake_utilities
      registry_url: https://components.espressif.com
      require: private
      version: 0.*
    - name: idf
      require: private
      version: '>=4.0'
    source:
      registry_url: https://components.espressif.com
      type: service
    version: 3.5.0
  espressif/cmake_utilities:
    component_hash: 351350613ceafba240b761b4ea991e0f231ac7a9f59a9ee901f751bddc0bb18f
    dependencies:
    - name: idf
      require: private
      version: '>=4.1'
    source:
      registry_url: https://components.espressif.com
      type: service
    version: 0.5.3
  espressif/eppp_link:
    component_hash: 9472e6825f4bb71eca2b39cf1bc92659c1ac60bfd7416560ad033a7dd8641b17
    dependencies:
    - name: espressif/esp_serial_slave_link
      registry_url: https://components.espressif.com
      require: private
      version: ^1.1.0
    - name: idf
      require: private
      version: '>=5.2'
    source:
      registry_url: https://components.espressif.com
      type: service
    version: 1.1.4
  espressif/esp-dsp:
    component_hash: fa7fe74305df6da25867437ebcd4213e047cbfc0556cf92067ab657fce537c6e
    dependencies:
    - name: idf
      require: private
      version: '>=4.2'
    source:
      registry_url: https://components.espressif.com/
      type: service
    version: 1.5.2
  espressif/esp-sr:
    component_hash: 1ac3e717a0f0c1af71a61776283f97a08c867d914d4cc5a6a6380dc57c6b9f69
    dependencies:
    - name: idf
      require: private
      version: '>=4.4'
    - name: espressif/esp-dsp
      registry_url: https://components.espressif.com
      require: private
      version: ^1.2.1
    source:
      registry_url: https://components.espressif.com/
      type: service
    targets:
    - esp32
    - esp32s2
    - esp32s3
    - esp32c3
    version: 1.3.4
  espressif/esp32_s3_lcd_ev_board:
    component_hash: 0b0413dc30779f9170b495ea5315a9518cdaa1273e6dea39c94057379cd020ff
    dependencies:
    - name: espressif/button
      registry_url: https://components.espressif.com
      require: public
      version: '>=2.5,<4.0'
    - name: espressif/esp_codec_dev
      registry_url: https://components.espressif.com
      require: public
      version: ~1.3.1
    - name: espressif/esp_io_expander_tca9554
      registry_url: https://components.espressif.com
      require: public
      version: ^2
    - name: espressif/esp_lcd_gc9503
      registry_url: https://components.espressif.com
      require: public
      version: ^3
    - name: espressif/esp_lcd_panel_io_additions
      registry_url: https://components.espressif.com
      require: private
      version: ^1
    - name: espressif/esp_lcd_touch_ft5x06
      registry_url: https://components.espressif.com
      require: private
      version: ^1
    - name: espressif/esp_lcd_touch_gt1151
      registry_url: https://components.espressif.com
      require: private
      version: ^1
    - name: espressif/esp_lvgl_port
      registry_url: https://components.espressif.com
      require: public
      version: ^2
    - name: idf
      require: private
      version: '>=5.3'
    source:
      registry_url: https://components.espressif.com/
      type: service
    targets:
    - esp32s3
    version: 3.0.0
  espressif/esp_codec_dev:
    component_hash: 420a8a931f8bdfc74ae89c4d2ce634823d10e1865b1e9bdb8428bfe4a1060def
    dependencies:
    - name: idf
      require: private
      version: '>=4.0'
    source:
      registry_url: https://components.espressif.com
      type: service
    version: 1.3.6
  espressif/esp_io_expander:
    component_hash: abf3ea0d71407d79d15500550aa3ba433848459b0fa94717cf9478822593ee5d
    dependencies:
    - name: idf
      require: private
      version: '>=4.4.2'
    source:
      registry_url: https://components.espressif.com
      type: service
    version: 1.1.0
  espressif/esp_io_expander_tca9554:
    component_hash: b8d7ff823eed8a8c05c49f01d554d08f75146a17a1c50bfb354b6c4c8819fc05
    dependencies:
    - name: espressif/esp_io_expander
      registry_url: https://components.espressif.com
      require: public
      version: ^1.0.1
    - name: idf
      require: private
      version: '>=5.2'
    source:
      registry_url: https://components.espressif.com
      type: service
    version: 2.0.2
  espressif/esp_lcd_gc9503:
    component_hash: 6940bf99cd08e7e8eb7ad5efbe88ebf9cc8eeb975fcf1c815d120956d06be940
    dependencies:
    - name: idf
      require: private
      version: '>5.0.4,!=5.1.1'
    - name: espressif/cmake_utilities
      registry_url: https://components.espressif.com
      require: private
      version: 0.*
    source:
      registry_url: https://components.espressif.com
      type: service
    targets:
    - esp32s3
    version: 3.0.1
  espressif/esp_lcd_panel_io_additions:
    component_hash: 213d5c4a3c322a48c9f993d6bc2372206d34af95db34e87a3e02601bdcad7ce8
    dependencies:
    - name: idf
      require: private
      version: '>=4.4.2'
    - name: espressif/cmake_utilities
      registry_url: https://components.espressif.com
      require: private
      version: 0.*
    - name: espressif/esp_io_expander
      registry_url: https://components.espressif.com
      require: public
      version: ^1
    source:
      registry_url: https://components.espressif.com
      type: service
    version: 1.0.1
  espressif/esp_lcd_touch:
    component_hash: 3f85a7d95af876f1a6ecca8eb90a81614890d0f03a038390804e5a77e2caf862
    dependencies:
    - name: idf
      require: private
      version: '>=4.4.2'
    source:
      registry_url: https://components.espressif.com
      type: service
    version: 1.2.1
  espressif/esp_lcd_touch_ft5x06:
    component_hash: aa3f170c321859146b4084d5e168828d026cb7c67eebfaa524ce48b428182c1e
    dependencies:
    - name: espressif/esp_lcd_touch
      registry_url: https://components.espressif.com
      require: public
      version: ^1.2.0
    - name: idf
      require: private
      version: '>=4.4.2'
    source:
      registry_url: https://components.espressif.com
      type: service
    version: 1.1.0
  espressif/esp_lcd_touch_gt1151:
    component_hash: acd0fb87e8b58dc90cebda8438ee31c068975c15c040a62723843ca0420d38b6
    dependencies:
    - name: espressif/esp_lcd_touch
      registry_url: https://components.espressif.com
      require: public
      version: ^1.2.0
    - name: idf
      require: private
      version: '>=4.4.2'
    source:
      registry_url: https://components.espressif.com
      type: service
    version: 1.1.0
  espressif/esp_lvgl_port:
    component_hash: f872401524cb645ee6ff1c9242d44fb4ddcfd4d37d7be8b9ed3f4e85a404efcd
    dependencies:
    - name: idf
      require: private
      version: '>=5.1'
    - name: lvgl/lvgl
      registry_url: https://components.espressif.com
      require: public
      version: '>=8,<10'
    source:
      registry_url: https://components.espressif.com
      type: service
    version: 2.7.0
  espressif/esp_serial_slave_link:
    component_hash: ac1776806de0a6e371c84e87898bb983e19ce62aa7f1e2e5c4a3b0234a575d2c
    dependencies:
    - name: idf
      require: private
      version: '>=5.0'
    source:
      registry_url: https://components.espressif.com
      type: service
    version: 1.1.2
  espressif/esp_wifi_remote:
    component_hash: 655ca258940f71c102e035af65181f24f4bd989e0b60c8e96a1c70513b81fb25
    dependencies:
    - name: idf
      require: private
      version: '>=5.3'
    - name: espressif/esp_hosted
      registry_url: https://components.espressif.com
      require: private
      rules:
      - if: target in [esp32h2, esp32p4]
      version: '>=0.0.6'
    - name: espressif/wifi_remote_over_eppp
      registry_url: https://components.espressif.com
      require: private
      version: '>=0.1'
    source:
      registry_url: https://components.espressif.com/
      type: service
    version: 1.2.2
  espressif/wifi_remote_over_eppp:
    component_hash: e1b4c485ed5afe36615b9b555dfdcbe4be33898dc3732b5bedf235bba45bd286
    dependencies:
    - name: espressif/eppp_link
      registry_url: https://components.espressif.com
      require: private
      version: '>=0.1'
    - name: idf
      require: private
      version: '>=5.3'
    source:
      registry_url: https://components.espressif.com
      type: service
    version: 0.3.0
  espressif/zlib:
    component_hash: d901723af51f13fc8e5824f39f32239c847956e8fd951a05266588dc5cfbb9ae
    dependencies:
    - name: idf
      require: private
      version: '>=4.4'
    source:
      registry_url: https://components.espressif.com/
      type: service
    version: 1.3.1
  idf:
    source:
      type: idf
    version: 5.5.1
  lvgl/lvgl:
    component_hash: d7c1ac037ae6e85d94897f807d6e7ba0946a83e720074fc95a4f6241da9f9f53
    dependencies: []
    source:
      registry_url: https://components.espressif.com/
      type: service
    version: 8.4.0
direct_dependencies:
- espressif/esp-dsp
- espressif/esp-sr
- espressif/esp32_s3_lcd_ev_board
- espressif/esp_wifi_remote
- espressif/zlib
- idf
- lvgl/lvgl
manifest_hash: 4b76fbd282260861014661cf869d5a4054aa73fde0c7bb4840d48bbf89d17aeb
target: esp32s3
version: 2.0.0
